// !$*UTF8*$!
{
	archiveVersion = 1;
	classes = {
	};
	objectVersion = 50;
	objects = {

/* Begin PBXBuildFile section */
		329B113E2703EDD800618252 /* AppDelegate.swift in Sources */ = {isa = PBXBuildFile; fileRef = 329B113D2703EDD800618252 /* AppDelegate.swift */; };
		329B11402703EDD800618252 /* SceneDelegate.swift in Sources */ = {isa = PBXBuildFile; fileRef = 329B113F2703EDD800618252 /* SceneDelegate.swift */; };
		329B11422703EDD800618252 /* ViewController.swift in Sources */ = {isa = PBXBuildFile; fileRef = 329B11412703EDD800618252 /* ViewController.swift */; };
		329B11452703EDD800618252 /* Main.storyboard in Resources */ = {isa = PBXBuildFile; fileRef = 329B11432703EDD800618252 /* Main.storyboard */; };
		329B11472703EDE200618252 /* Assets.xcassets in Resources */ = {isa = PBXBuildFile; fileRef = 329B11462703EDE200618252 /* Assets.xcassets */; };
		329B114A2703EDE200618252 /* LaunchScreen.storyboard in Resources */ = {isa = PBXBuildFile; fileRef = 329B11482703EDE200618252 /* LaunchScreen.storyboard */; };
		329B11552703EDE200618252 /* TableViewIndexedAppTests.swift in Sources */ = {isa = PBXBuildFile; fileRef = 329B11542703EDE200618252 /* TableViewIndexedAppTests.swift */; };
		329B11602703EDE200618252 /* TableViewIndexedAppUITests.swift in Sources */ = {isa = PBXBuildFile; fileRef = 329B115F2703EDE200618252 /* TableViewIndexedAppUITests.swift */; };
/* End PBXBuildFile section */

/* Begin PBXContainerItemProxy section */
		329B11512703EDE200618252 /* PBXContainerItemProxy */ = {
			isa = PBXContainerItemProxy;
			containerPortal = 329B11322703EDD800618252 /* Project object */;
			proxyType = 1;
			remoteGlobalIDString = 329B11392703EDD800618252;
			remoteInfo = TableViewIndexedApp;
		};
		329B115C2703EDE200618252 /* PBXContainerItemProxy */ = {
			isa = PBXContainerItemProxy;
			containerPortal = 329B11322703EDD800618252 /* Project object */;
			proxyType = 1;
			remoteGlobalIDString = 329B11392703EDD800618252;
			remoteInfo = TableViewIndexedApp;
		};
/* End PBXContainerItemProxy section */

/* Begin PBXFileReference section */
		329B113A2703EDD800618252 /* TableViewIndexedApp.app */ = {isa = PBXFileReference; explicitFileType = wrapper.application; includeInIndex = 0; path = TableViewIndexedApp.app; sourceTree = BUILT_PRODUCTS_DIR; };
		329B113D2703EDD800618252 /* AppDelegate.swift */ = {isa = PBXFileReference; lastKnownFileType = sourcecode.swift; path = AppDelegate.swift; sourceTree = "<group>"; };
		329B113F2703EDD800618252 /* SceneDelegate.swift */ = {isa = PBXFileReference; lastKnownFileType = sourcecode.swift; path = SceneDelegate.swift; sourceTree = "<group>"; };
		329B11412703EDD800618252 /* ViewController.swift */ = {isa = PBXFileReference; lastKnownFileType = sourcecode.swift; path = ViewController.swift; sourceTree = "<group>"; };
		329B11442703EDD800618252 /* Base */ = {isa = PBXFileReference; lastKnownFileType = file.storyboard; name = Base; path = Base.lproj/Main.storyboard; sourceTree = "<group>"; };
		329B11462703EDE200618252 /* Assets.xcassets */ = {isa = PBXFileReference; lastKnownFileType = folder.assetcatalog; path = Assets.xcassets; sourceTree = "<group>"; };
		329B11492703EDE200618252 /* Base */ = {isa = PBXFileReference; lastKnownFileType = file.storyboard; name = Base; path = Base.lproj/LaunchScreen.storyboard; sourceTree = "<group>"; };
		329B114B2703EDE200618252 /* Info.plist */ = {isa = PBXFileReference; lastKnownFileType = text.plist.xml; path = Info.plist; sourceTree = "<group>"; };
		329B11502703EDE200618252 /* TableViewIndexedAppTests.xctest */ = {isa = PBXFileReference; explicitFileType = wrapper.cfbundle; includeInIndex = 0; path = TableViewIndexedAppTests.xctest; sourceTree = BUILT_PRODUCTS_DIR; };
		329B11542703EDE200618252 /* TableViewIndexedAppTests.swift */ = {isa = PBXFileReference; lastKnownFileType = sourcecode.swift; path = TableViewIndexedAppTests.swift; sourceTree = "<group>"; };
		329B11562703EDE200618252 /* Info.plist */ = {isa = PBXFileReference; lastKnownFileType = text.plist.xml; path = Info.plist; sourceTree = "<group>"; };
		329B115B2703EDE200618252 /* TableViewIndexedAppUITests.xctest */ = {isa = PBXFileReference; explicitFileType = wrapper.cfbundle; includeInIndex = 0; path = TableViewIndexedAppUITests.xctest; sourceTree = BUILT_PRODUCTS_DIR; };
		329B115F2703EDE200618252 /* TableViewIndexedAppUITests.swift */ = {isa = PBXFileReference; lastKnownFileType = sourcecode.swift; path = TableViewIndexedAppUITests.swift; sourceTree = "<group>"; };
		329B11612703EDE200618252 /* Info.plist */ = {isa = PBXFileReference; lastKnownFileType = text.plist.xml; path = Info.plist; sourceTree = "<group>"; };
/* End PBXFileReference section */

/* Begin PBXFrameworksBuildPhase section */
		329B11372703EDD800618252 /* Frameworks */ = {
			isa = PBXFrameworksBuildPhase;
			buildActionMask = 2147483647;
			files = (
			);
			runOnlyForDeploymentPostprocessing = 0;
		};
		329B114D2703EDE200618252 /* Frameworks */ = {
			isa = PBXFrameworksBuildPhase;
			buildActionMask = 2147483647;
			files = (
			);
			runOnlyForDeploymentPostprocessing = 0;
		};
		329B11582703EDE200618252 /* Frameworks */ = {
			isa = PBXFrameworksBuildPhase;
			buildActionMask = 2147483647;
			files = (
			);
			runOnlyForDeploymentPostprocessing = 0;
		};
/* End PBXFrameworksBuildPhase section */

/* Begin PBXGroup section */
		329B11312703EDD800618252 = {
			isa = PBXGroup;
			children = (
				329B113C2703EDD800618252 /* TableViewIndexedApp */,
				329B11532703EDE200618252 /* TableViewIndexedAppTests */,
				329B115E2703EDE200618252 /* TableViewIndexedAppUITests */,
				329B113B2703EDD800618252 /* Products */,
			);
			sourceTree = "<group>";
		};
		329B113B2703EDD800618252 /* Products */ = {
			isa = PBXGroup;
			children = (
				329B113A2703EDD800618252 /* TableViewIndexedApp.app */,
				329B11502703EDE200618252 /* TableViewIndexedAppTests.xctest */,
				329B115B2703EDE200618252 /* TableViewIndexedAppUITests.xctest */,
			);
			name = Products;
			sourceTree = "<group>";
		};
		329B113C2703EDD800618252 /* TableViewIndexedApp */ = {
			isa = PBXGroup;
			children = (
				329B113D2703EDD800618252 /* AppDelegate.swift */,
				329B113F2703EDD800618252 /* SceneDelegate.swift */,
				329B11412703EDD800618252 /* ViewController.swift */,
				329B11432703EDD800618252 /* Main.storyboard */,
				329B11462703EDE200618252 /* Assets.xcassets */,
				329B11482703EDE200618252 /* LaunchScreen.storyboard */,
				329B114B2703EDE200618252 /* Info.plist */,
			);
			path = TableViewIndexedApp;
			sourceTree = "<group>";
		};
		329B11532703EDE200618252 /* TableViewIndexedAppTests */ = {
			isa = PBXGroup;
			children = (
				329B11542703EDE200618252 /* TableViewIndexedAppTests.swift */,
				329B11562703EDE200618252 /* Info.plist */,
			);
			path = TableViewIndexedAppTests;
			sourceTree = "<group>";
		};
		329B115E2703EDE200618252 /* TableViewIndexedAppUITests */ = {
			isa = PBXGroup;
			children = (
				329B115F2703EDE200618252 /* TableViewIndexedAppUITests.swift */,
				329B11612703EDE200618252 /* Info.plist */,
			);
			path = TableViewIndexedAppUITests;
			sourceTree = "<group>";
		};
/* End PBXGroup section */

/* Begin PBXNativeTarget section */
		329B11392703EDD800618252 /* TableViewIndexedApp */ = {
			isa = PBXNativeTarget;
			buildConfigurationList = 329B11642703EDE200618252 /* Build configuration list for PBXNativeTarget "TableViewIndexedApp" */;
			buildPhases = (
				329B11362703EDD800618252 /* Sources */,
				329B11372703EDD800618252 /* Frameworks */,
				329B11382703EDD800618252 /* Resources */,
			);
			buildRules = (
			);
			dependencies = (
			);
			name = TableViewIndexedApp;
			productName = TableViewIndexedApp;
			productReference = 329B113A2703EDD800618252 /* TableViewIndexedApp.app */;
			productType = "com.apple.product-type.application";
		};
		329B114F2703EDE200618252 /* TableViewIndexedAppTests */ = {
			isa = PBXNativeTarget;
			buildConfigurationList = 329B11672703EDE200618252 /* Build configuration list for PBXNativeTarget "TableViewIndexedAppTests" */;
			buildPhases = (
				329B114C2703EDE200618252 /* Sources */,
				329B114D2703EDE200618252 /* Frameworks */,
				329B114E2703EDE200618252 /* Resources */,
			);
			buildRules = (
			);
			dependencies = (
				329B11522703EDE200618252 /* PBXTargetDependency */,
			);
			name = TableViewIndexedAppTests;
			productName = TableViewIndexedAppTests;
			productReference = 329B11502703EDE200618252 /* TableViewIndexedAppTests.xctest */;
			productType = "com.apple.product-type.bundle.unit-test";
		};
		329B115A2703EDE200618252 /* TableViewIndexedAppUITests */ = {
			isa = PBXNativeTarget;
			buildConfigurationList = 329B116A2703EDE200618252 /* Build configuration list for PBXNativeTarget "TableViewIndexedAppUITests" */;
			buildPhases = (
				329B11572703EDE200618252 /* Sources */,
				329B11582703EDE200618252 /* Frameworks */,
				329B11592703EDE200618252 /* Resources */,
			);
			buildRules = (
			);
			dependencies = (
				329B115D2703EDE200618252 /* PBXTargetDependency */,
			);
			name = TableViewIndexedAppUITests;
			productName = TableViewIndexedAppUITests;
			productReference = 329B115B2703EDE200618252 /* TableViewIndexedAppUITests.xctest */;
			productType = "com.apple.product-type.bundle.ui-testing";
		};
/* End PBXNativeTarget section */

/* Begin PBXProject section */
		329B11322703EDD800618252 /* Project object */ = {
			isa = PBXProject;
			attributes = {
				LastSwiftUpdateCheck = 1240;
				LastUpgradeCheck = 1240;
				TargetAttributes = {
					329B11392703EDD800618252 = {
						CreatedOnToolsVersion = 12.4;
					};
					329B114F2703EDE200618252 = {
						CreatedOnToolsVersion = 12.4;
						TestTargetID = 329B11392703EDD800618252;
					};
					329B115A2703EDE200618252 = {
						CreatedOnToolsVersion = 12.4;
						TestTargetID = 329B11392703EDD800618252;
					};
				};
			};
			buildConfigurationList = 329B11352703EDD800618252 /* Build configuration list for PBXProject "TableViewIndexedApp" */;
			compatibilityVersion = "Xcode 9.3";
			developmentRegion = en;
			hasScannedForEncodings = 0;
			knownRegions = (
				en,
				Base,
			);
			mainGroup = 329B11312703EDD800618252;
			productRefGroup = 329B113B2703EDD800618252 /* Products */;
			projectDirPath = "";
			projectRoot = "";
			targets = (
				329B11392703EDD800618252 /* TableViewIndexedApp */,
				329B114F2703EDE200618252 /* TableViewIndexedAppTests */,
				329B115A2703EDE200618252 /* TableViewIndexedAppUITests */,
			);
		};
/* End PBXProject section */

/* Begin PBXResourcesBuildPhase section */
		329B11382703EDD800618252 /* Resources */ = {
			isa = PBXResourcesBuildPhase;
			buildActionMask = 2147483647;
			files = (
				329B114A2703EDE200618252 /* LaunchScreen.storyboard in Resources */,
				329B11472703EDE200618252 /* Assets.xcassets in Resources */,
				329B11452703EDD800618252 /* Main.storyboard in Resources */,
			);
			runOnlyForDeploymentPostprocessing = 0;
		};
		329B114E2703EDE200618252 /* Resources */ = {
			isa = PBXResourcesBuildPhase;
			buildActionMask = 2147483647;
			files = (
			);
			runOnlyForDeploymentPostprocessing = 0;
		};
		329B11592703EDE200618252 /* Resources */ = {
			isa = PBXResourcesBuildPhase;
			buildActionMask = 2147483647;
			files = (
			);
			runOnlyForDeploymentPostprocessing = 0;
		};
/* End PBXResourcesBuildPhase section */

/* Begin PBXSourcesBuildPhase section */
		329B11362703EDD800618252 /* Sources */ = {
			isa = PBXSourcesBuildPhase;
			buildActionMask = 2147483647;
			files = (
				329B11422703EDD800618252 /* ViewController.swift in Sources */,
				329B113E2703EDD800618252 /* AppDelegate.swift in Sources */,
				329B11402703EDD800618252 /* SceneDelegate.swift in Sources */,
			);
			runOnlyForDeploymentPostprocessing = 0;
		};
		329B114C2703EDE200618252 /* Sources */ = {
			isa = PBXSourcesBuildPhase;
			buildActionMask = 2147483647;
			files = (
				329B11552703EDE200618252 /* TableViewIndexedAppTests.swift in Sources */,
			);
			runOnlyForDeploymentPostprocessing = 0;
		};
		329B11572703EDE200618252 /* Sources */ = {
			isa = PBXSourcesBuildPhase;
			buildActionMask = 2147483647;
			files = (
				329B11602703EDE200618252 /* TableViewIndexedAppUITests.swift in Sources */,
			);
			runOnlyForDeploymentPostprocessing = 0;
		};
/* End PBXSourcesBuildPhase section */

/* Begin PBXTargetDependency section */
		329B11522703EDE200618252 /* PBXTargetDependency */ = {
			isa = PBXTargetDependency;
			target = 329B11392703EDD800618252 /* TableViewIndexedApp */;
			targetProxy = 329B11512703EDE200618252 /* PBXContainerItemProxy */;
		};
		329B115D2703EDE200618252 /* PBXTargetDependency */ = {
			isa = PBXTargetDependency;
			target = 329B11392703EDD800618252 /* TableViewIndexedApp */;
			targetProxy = 329B115C2703EDE200618252 /* PBXContainerItemProxy */;
		};
/* End PBXTargetDependency section */

/* Begin PBXVariantGroup section */
		329B11432703EDD800618252 /* Main.storyboard */ = {
			isa = PBXVariantGroup;
			children = (
				329B11442703EDD800618252 /* Base */,
			);
			name = Main.storyboard;
			sourceTree = "<group>";
		};
		329B11482703EDE200618252 /* LaunchScreen.storyboard */ = {
			isa = PBXVariantGroup;
			children = (
				329B11492703EDE200618252 /* Base */,
			);
			name = LaunchScreen.storyboard;
			sourceTree = "<group>";
		};
/* End PBXVariantGroup section */

/* Begin XCBuildConfiguration section */
		329B11622703EDE200618252 /* Debug */ = {
			isa = XCBuildConfiguration;
			buildSettings = {
				ALWAYS_SEARCH_USER_PATHS = NO;
				CLANG_ANALYZER_NONNULL = YES;
				CLANG_ANALYZER_NUMBER_OBJECT_CONVERSION = YES_AGGRESSIVE;
				CLANG_CXX_LANGUAGE_STANDARD = "gnu++14";
				CLANG_CXX_LIBRARY = "libc++";
				CLANG_ENABLE_MODULES = YES;
				CLANG_ENABLE_OBJC_ARC = YES;
				CLANG_ENABLE_OBJC_WEAK = YES;
				CLANG_WARN_BLOCK_CAPTURE_AUTORELEASING = YES;
				CLANG_WARN_BOOL_CONVERSION = YES;
				CLANG_WARN_COMMA = YES;
				CLANG_WARN_CONSTANT_CONVERSION = YES;
				CLANG_WARN_DEPRECATED_OBJC_IMPLEMENTATIONS = YES;
				CLANG_WARN_DIRECT_OBJC_ISA_USAGE = YES_ERROR;
				CLANG_WARN_DOCUMENTATION_COMMENTS = YES;
				CLANG_WARN_EMPTY_BODY = YES;
				CLANG_WARN_ENUM_CONVERSION = YES;
				CLANG_WARN_INFINITE_RECURSION = YES;
				CLANG_WARN_INT_CONVERSION = YES;
				CLANG_WARN_NON_LITERAL_NULL_CONVERSION = YES;
				CLANG_WARN_OBJC_IMPLICIT_RETAIN_SELF = YES;
				CLANG_WARN_OBJC_LITERAL_CONVERSION = YES;
				CLANG_WARN_OBJC_ROOT_CLASS = YES_ERROR;
				CLANG_WARN_QUOTED_INCLUDE_IN_FRAMEWORK_HEADER = YES;
				CLANG_WARN_RANGE_LOOP_ANALYSIS = YES;
				CLANG_WARN_STRICT_PROTOTYPES = YES;
				CLANG_WARN_SUSPICIOUS_MOVE = YES;
				CLANG_WARN_UNGUARDED_AVAILABILITY = YES_AGGRESSIVE;
				CLANG_WARN_UNREACHABLE_CODE = YES;
				CLANG_WARN__DUPLICATE_METHOD_MATCH = YES;
				COPY_PHASE_STRIP = NO;
				DEBUG_INFORMATION_FORMAT = dwarf;
				ENABLE_STRICT_OBJC_MSGSEND = YES;
				ENABLE_TESTABILITY = YES;
				GCC_C_LANGUAGE_STANDARD = gnu11;
				GCC_DYNAMIC_NO_PIC = NO;
				GCC_NO_COMMON_BLOCKS = YES;
				GCC_OPTIMIZATION_LEVEL = 0;
				GCC_PREPROCESSOR_DEFINITIONS = (
					"DEBUG=1",
					"$(inherited)",
				);
				GCC_WARN_64_TO_32_BIT_CONVERSION = YES;
				GCC_WARN_ABOUT_RETURN_TYPE = YES_ERROR;
				GCC_WARN_UNDECLARED_SELECTOR = YES;
				GCC_WARN_UNINITIALIZED_AUTOS = YES_AGGRESSIVE;
				GCC_WARN_UNUSED_FUNCTION = YES;
				GCC_WARN_UNUSED_VARIABLE = YES;
				IPHONEOS_DEPLOYMENT_TARGET = 14.4;
				MTL_ENABLE_DEBUG_INFO = INCLUDE_SOURCE;
				MTL_FAST_MATH = YES;
				ONLY_ACTIVE_ARCH = YES;
				SDKROOT = iphoneos;
				SWIFT_ACTIVE_COMPILATION_CONDITIONS = DEBUG;
				SWIFT_OPTIMIZATION_LEVEL = "-Onone";
			};
			name = Debug;
		};
		329B11632703EDE200618252 /* Release */ = {
			isa = XCBuildConfiguration;
			buildSettings = {
				ALWAYS_SEARCH_USER_PATHS = NO;
				CLANG_ANALYZER_NONNULL = YES;
				CLANG_ANALYZER_NUMBER_OBJECT_CONVERSION = YES_AGGRESSIVE;
				CLANG_CXX_LANGUAGE_STANDARD = "gnu++14";
				CLANG_CXX_LIBRARY = "libc++";
				CLANG_ENABLE_MODULES = YES;
				CLANG_ENABLE_OBJC_ARC = YES;
				CLANG_ENABLE_OBJC_WEAK = YES;
				CLANG_WARN_BLOCK_CAPTURE_AUTORELEASING = YES;
				CLANG_WARN_BOOL_CONVERSION = YES;
				CLANG_WARN_COMMA = YES;
				CLANG_WARN_CONSTANT_CONVERSION = YES;
				CLANG_WARN_DEPRECATED_OBJC_IMPLEMENTATIONS = YES;
				CLANG_WARN_DIRECT_OBJC_ISA_USAGE = YES_ERROR;
				CLANG_WARN_DOCUMENTATION_COMMENTS = YES;
				CLANG_WARN_EMPTY_BODY = YES;
				CLANG_WARN_ENUM_CONVERSION = YES;
				CLANG_WARN_INFINITE_RECURSION = YES;
				CLANG_WARN_INT_CONVERSION = YES;
				CLANG_WARN_NON_LITERAL_NULL_CONVERSION = YES;
				CLANG_WARN_OBJC_IMPLICIT_RETAIN_SELF = YES;
				CLANG_WARN_OBJC_LITERAL_CONVERSION = YES;
				CLANG_WARN_OBJC_ROOT_CLASS = YES_ERROR;
				CLANG_WARN_QUOTED_INCLUDE_IN_FRAMEWORK_HEADER = YES;
				CLANG_WARN_RANGE_LOOP_ANALYSIS = YES;
				CLANG_WARN_STRICT_PROTOTYPES = YES;
				CLANG_WARN_SUSPICIOUS_MOVE = YES;
				CLANG_WARN_UNGUARDED_AVAILABILITY = YES_AGGRESSIVE;
				CLANG_WARN_UNREACHABLE_CODE = YES;
				CLANG_WARN__DUPLICATE_METHOD_MATCH = YES;
				COPY_PHASE_STRIP = NO;
				DEBUG_INFORMATION_FORMAT = "dwarf-with-dsym";
				ENABLE_NS_ASSERTIONS = NO;
				ENABLE_STRICT_OBJC_MSGSEND = YES;
				GCC_C_LANGUAGE_STANDARD = gnu11;
				GCC_NO_COMMON_BLOCKS = YES;
				GCC_WARN_64_TO_32_BIT_CONVERSION = YES;
				GCC_WARN_ABOUT_RETURN_TYPE = YES_ERROR;
				GCC_WARN_UNDECLARED_SELECTOR = YES;
				GCC_WARN_UNINITIALIZED_AUTOS = YES_AGGRESSIVE;
				GCC_WARN_UNUSED_FUNCTION = YES;
				GCC_WARN_UNUSED_VARIABLE = YES;
				IPHONEOS_DEPLOYMENT_TARGET = 14.4;
				MTL_ENABLE_DEBUG_INFO = NO;
				MTL_FAST_MATH = YES;
				SDKROOT = iphoneos;
				SWIFT_COMPILATION_MODE = wholemodule;
				SWIFT_OPTIMIZATION_LEVEL = "-O";
				VALIDATE_PRODUCT = YES;
			};
			name = Release;
		};
		329B11652703EDE200618252 /* Debug */ = {
			isa = XCBuildConfiguration;
			buildSettings = {
				ASSETCATALOG_COMPILER_APPICON_NAME = AppIcon;
				ASSETCATALOG_COMPILER_GLOBAL_ACCENT_COLOR_NAME = AccentColor;
				CODE_SIGN_STYLE = Automatic;
				DEVELOPMENT_TEAM = 3DY97BVWHY;
				INFOPLIST_FILE = TableViewIndexedApp/Info.plist;
				LD_RUNPATH_SEARCH_PATHS = (
					"$(inherited)",
					"@executable_path/Frameworks",
				);
				PRODUCT_BUNDLE_IDENTIFIER = "Cubit-Solutions.TableViewIndexedApp";
				PRODUCT_NAME = "$(TARGET_NAME)";
				SWIFT_VERSION = 5.0;
				TARGETED_DEVICE_FAMILY = "1,2";
			};
			name = Debug;
		};
		329B11662703EDE200618252 /* Release */ = {
			isa = XCBuildConfiguration;
			buildSettings = {
				ASSETCATALOG_COMPILER_APPICON_NAME = AppIcon;
				ASSETCATALOG_COMPILER_GLOBAL_ACCENT_COLOR_NAME = AccentColor;
				CODE_SIGN_STYLE = Automatic;
				DEVELOPMENT_TEAM = 3DY97BVWHY;
				INFOPLIST_FILE = TableViewIndexedApp/Info.plist;
				LD_RUNPATH_SEARCH_PATHS = (
					"$(inherited)",
					"@executable_path/Frameworks",
				);
				PRODUCT_BUNDLE_IDENTIFIER = "Cubit-Solutions.TableViewIndexedApp";
				PRODUCT_NAME = "$(TARGET_NAME)";
				SWIFT_VERSION = 5.0;
				TARGETED_DEVICE_FAMILY = "1,2";
			};
			name = Release;
		};
		329B11682703EDE200618252 /* Debug */ = {
			isa = XCBuildConfiguration;
			buildSettings = {
				ALWAYS_EMBED_SWIFT_STANDARD_LIBRARIES = YES;
				BUNDLE_LOADER = "$(TEST_HOST)";
				CODE_SIGN_STYLE = Automatic;
				DEVELOPMENT_TEAM = 3DY97BVWHY;
				INFOPLIST_FILE = TableViewIndexedAppTests/Info.plist;
				IPHONEOS_DEPLOYMENT_TARGET = 14.4;
				LD_RUNPATH_SEARCH_PATHS = (
					"$(inherited)",
					"@executable_path/Frameworks",
					"@loader_path/Frameworks",
				);
				PRODUCT_BUNDLE_IDENTIFIER = "Cubit-Solutions.TableViewIndexedAppTests";
				PRODUCT_NAME = "$(TARGET_NAME)";
				SWIFT_VERSION = 5.0;
				TARGETED_DEVICE_FAMILY = "1,2";
				TEST_HOST = "$(BUILT_PRODUCTS_DIR)/TableViewIndexedApp.app/TableViewIndexedApp";
			};
			name = Debug;
		};
		329B11692703EDE200618252 /* Release */ = {
			isa = XCBuildConfiguration;
			buildSettings = {
				ALWAYS_EMBED_SWIFT_STANDARD_LIBRARIES = YES;
				BUNDLE_LOADER = "$(TEST_HOST)";
				CODE_SIGN_STYLE = Automatic;
				DEVELOPMENT_TEAM = 3DY97BVWHY;
				INFOPLIST_FILE = TableViewIndexedAppTests/Info.plist;
				IPHONEOS_DEPLOYMENT_TARGET = 14.4;
				LD_RUNPATH_SEARCH_PATHS = (
					"$(inherited)",
					"@executable_path/Frameworks",
					"@loader_path/Frameworks",
				);
				PRODUCT_BUNDLE_IDENTIFIER = "Cubit-Solutions.TableViewIndexedAppTests";
				PRODUCT_NAME = "$(TARGET_NAME)";
				SWIFT_VERSION = 5.0;
				TARGETED_DEVICE_FAMILY = "1,2";
				TEST_HOST = "$(BUILT_PRODUCTS_DIR)/TableViewIndexedApp.app/TableViewIndexedApp";
			};
			name = Release;
		};
		329B116B2703EDE200618252 /* Debug */ = {
			isa = XCBuildConfiguration;
			buildSettings = {
				ALWAYS_EMBED_SWIFT_STANDARD_LIBRARIES = YES;
				CODE_SIGN_STYLE = Automatic;
				DEVELOPMENT_TEAM = 3DY97BVWHY;
				INFOPLIST_FILE = TableViewIndexedAppUITests/Info.plist;
				LD_RUNPATH_SEARCH_PATHS = (
					"$(inherited)",
					"@executable_path/Frameworks",
					"@loader_path/Frameworks",
				);
				PRODUCT_BUNDLE_IDENTIFIER = "Cubit-Solutions.TableViewIndexedAppUITests";
				PRODUCT_NAME = "$(TARGET_NAME)";
				SWIFT_VERSION = 5.0;
				TARGETED_DEVICE_FAMILY = "1,2";
				TEST_TARGET_NAME = TableViewIndexedApp;
			};
			name = Debug;
		};
		329B116C2703EDE200618252 /* Release */ = {
			isa = XCBuildConfiguration;
			buildSettings = {
				ALWAYS_EMBED_SWIFT_STANDARD_LIBRARIES = YES;
				CODE_SIGN_STYLE = Automatic;
				DEVELOPMENT_TEAM = 3DY97BVWHY;
				INFOPLIST_FILE = TableViewIndexedAppUITests/Info.plist;
				LD_RUNPATH_SEARCH_PATHS = (
					"$(inherited)",
					"@executable_path/Frameworks",
					"@loader_path/Frameworks",
				);
				PRODUCT_BUNDLE_IDENTIFIER = "Cubit-Solutions.TableViewIndexedAppUITests";
				PRODUCT_NAME = "$(TARGET_NAME)";
				SWIFT_VERSION = 5.0;
				TARGETED_DEVICE_FAMILY = "1,2";
				TEST_TARGET_NAME = TableViewIndexedApp;
			};
			name = Release;
		};
/* End XCBuildConfiguration section */

/* Begin XCConfigurationList section */
		329B11352703EDD800618252 /* Build configuration list for PBXProject "TableViewIndexedApp" */ = {
			isa = XCConfigurationList;
			buildConfigurations = (
				329B11622703EDE200618252 /* Debug */,
				329B11632703EDE200618252 /* Release */,
			);
			defaultConfigurationIsVisible = 0;
			defaultConfigurationName = Release;
		};
		329B11642703EDE200618252 /* Build configuration list for PBXNativeTarget "TableViewIndexedApp" */ = {
			isa = XCConfigurationList;
			buildConfigurations = (
				329B11652703EDE200618252 /* Debug */,
				329B11662703EDE200618252 /* Release */,
			);
			defaultConfigurationIsVisible = 0;
			defaultConfigurationName = Release;
		};
		329B11672703EDE200618252 /* Build configuration list for PBXNativeTarget "TableViewIndexedAppTests" */ = {
			isa = XCConfigurationList;
			buildConfigurations = (
				329B11682703EDE200618252 /* Debug */,
				329B11692703EDE200618252 /* Release */,
			);
			defaultConfigurationIsVisible = 0;
			defaultConfigurationName = Release;
		};
		329B116A2703EDE200618252 /* Build configuration list for PBXNativeTarget "TableViewIndexedAppUITests" */ = {
			isa = XCConfigurationList;
			buildConfigurations = (
				329B116B2703EDE200618252 /* Debug */,
				329B116C2703EDE200618252 /* Release */,
			);
			defaultConfigurationIsVisible = 0;
			defaultConfigurationName = Release;
		};
/* End XCConfigurationList section */
	};
	rootObject = 329B11322703EDD800618252 /* Project object */;
}
